
Microsoft Visual Studio Solution File, Format Version 12.00
# Visual Studio 15
VisualStudioVersion = 15.0.26730.8
MinimumVisualStudioVersion = 10.0.40219.1
Project("{9A19103F-16F7-4668-BE54-9A1E7A4F7556}") = "Missile.Server", "Missile.Server\Missile.Server.csproj", "{870ABC54-E7A8-4349-9DE3-E3F0B07CBF3B}"
EndProject
Project("{9A19103F-16F7-4668-BE54-9A1E7A4F7556}") = "Missile.Server.Tests", "Missile.Server.Tests\Missile.Server.Tests.csproj", "{77C5D564-0288-40BA-8CD0-8519D3C6DABA}"
EndProject
Project("{9A19103F-16F7-4668-BE54-9A1E7A4F7556}") = "Missile.GooglePlugin", "Missile.GooglePlugin\Missile.GooglePlugin.csproj", "{8444C005-6588-4313-9782-7B257BEEA110}"
EndProject
Project("{9A19103F-16F7-4668-BE54-9A1E7A4F7556}") = "Missile.Core", "Missile.Core\Missile.Core.csproj", "{60F3C822-C8E7-493C-B4DE-1397922996B1}"
EndProject
Project("{9A19103F-16F7-4668-BE54-9A1E7A4F7556}") = "Missile.GooglePlugin.Tests", "Missile.GooglePlugin.Tests\Missile.GooglePlugin.Tests.csproj", "{C5651DF9-1FDB-446E-86CB-ED58E16FD3C2}"
EndProject
Project("{FAE04EC0-301F-11D3-BF4B-00C04F79EFBC}") = "Missile.Client", "Missile.Client\Missile.Client.csproj", "{84CB4D00-9EC0-40CF-9231-E689433184DB}"
EndProject
Project("{2150E333-8FDC-42A3-9474-1A3956D46DE8}") = "Server", "Server", "{F4467DEE-C5FE-4928-BCA6-1FC584DBB179}"
EndProject
Project("{2150E333-8FDC-42A3-9474-1A3956D46DE8}") = "Client", "Client", "{D2A9821B-BC3E-4361-898F-3F0EC3E4283F}"
EndProject
Project("{FAE04EC0-301F-11D3-BF4B-00C04F79EFBC}") = "Missile.EverythingPlugin", "Missile.EverythingPlugin\Missile.EverythingPlugin.csproj", "{1AA367A7-C450-4DF9-B676-7CD9D120A233}"
EndProject
Global
	GlobalSection(SolutionConfigurationPlatforms) = preSolution
		Debug|Any CPU = Debug|Any CPU
		Release|Any CPU = Release|Any CPU
	EndGlobalSection
	GlobalSection(ProjectConfigurationPlatforms) = postSolution
		{870ABC54-E7A8-4349-9DE3-E3F0B07CBF3B}.Debug|Any CPU.ActiveCfg = Debug|Any CPU
		{870ABC54-E7A8-4349-9DE3-E3F0B07CBF3B}.Debug|Any CPU.Build.0 = Debug|Any CPU
		{870ABC54-E7A8-4349-9DE3-E3F0B07CBF3B}.Release|Any CPU.ActiveCfg = Release|Any CPU
		{870ABC54-E7A8-4349-9DE3-E3F0B07CBF3B}.Release|Any CPU.Build.0 = Release|Any CPU
		{77C5D564-0288-40BA-8CD0-8519D3C6DABA}.Debug|Any CPU.ActiveCfg = Debug|Any CPU
		{77C5D564-0288-40BA-8CD0-8519D3C6DABA}.Debug|Any CPU.Build.0 = Debug|Any CPU
		{77C5D564-0288-40BA-8CD0-8519D3C6DABA}.Release|Any CPU.ActiveCfg = Release|Any CPU
		{77C5D564-0288-40BA-8CD0-8519D3C6DABA}.Release|Any CPU.Build.0 = Release|Any CPU
		{8444C005-6588-4313-9782-7B257BEEA110}.Debug|Any CPU.ActiveCfg = Debug|Any CPU
		{8444C005-6588-4313-9782-7B257BEEA110}.Debug|Any CPU.Build.0 = Debug|Any CPU
		{8444C005-6588-4313-9782-7B257BEEA110}.Release|Any CPU.ActiveCfg = Release|Any CPU
		{8444C005-6588-4313-9782-7B257BEEA110}.Release|Any CPU.Build.0 = Release|Any CPU
		{60F3C822-C8E7-493C-B4DE-1397922996B1}.Debug|Any CPU.ActiveCfg = Debug|Any CPU
		{60F3C822-C8E7-493C-B4DE-1397922996B1}.Debug|Any CPU.Build.0 = Debug|Any CPU
		{60F3C822-C8E7-493C-B4DE-1397922996B1}.Release|Any CPU.ActiveCfg = Release|Any CPU
		{60F3C822-C8E7-493C-B4DE-1397922996B1}.Release|Any CPU.Build.0 = Release|Any CPU
		{C5651DF9-1FDB-446E-86CB-ED58E16FD3C2}.Debug|Any CPU.ActiveCfg = Debug|Any CPU
		{C5651DF9-1FDB-446E-86CB-ED58E16FD3C2}.Debug|Any CPU.Build.0 = Debug|Any CPU
		{C5651DF9-1FDB-446E-86CB-ED58E16FD3C2}.Release|Any CPU.ActiveCfg = Release|Any CPU
		{C5651DF9-1FDB-446E-86CB-ED58E16FD3C2}.Release|Any CPU.Build.0 = Release|Any CPU
		{84CB4D00-9EC0-40CF-9231-E689433184DB}.Debug|Any CPU.ActiveCfg = Debug|Any CPU
		{84CB4D00-9EC0-40CF-9231-E689433184DB}.Debug|Any CPU.Build.0 = Debug|Any CPU
		{84CB4D00-9EC0-40CF-9231-E689433184DB}.Release|Any CPU.ActiveCfg = Release|Any CPU
		{84CB4D00-9EC0-40CF-9231-E689433184DB}.Release|Any CPU.Build.0 = Release|Any CPU
		{1AA367A7-C450-4DF9-B676-7CD9D120A233}.Debug|Any CPU.ActiveCfg = Debug|Any CPU
		{1AA367A7-C450-4DF9-B676-7CD9D120A233}.Debug|Any CPU.Build.0 = Debug|Any CPU
		{1AA367A7-C450-4DF9-B676-7CD9D120A233}.Release|Any CPU.ActiveCfg = Release|Any CPU
		{1AA367A7-C450-4DF9-B676-7CD9D120A233}.Release|Any CPU.Build.0 = Release|Any CPU
	EndGlobalSection
	GlobalSection(SolutionProperties) = preSolution
		HideSolutionNode = FALSE
	EndGlobalSection
	GlobalSection(NestedProjects) = preSolution
		{870ABC54-E7A8-4349-9DE3-E3F0B07CBF3B} = {F4467DEE-C5FE-4928-BCA6-1FC584DBB179}
		{77C5D564-0288-40BA-8CD0-8519D3C6DABA} = {F4467DEE-C5FE-4928-BCA6-1FC584DBB179}
		{8444C005-6588-4313-9782-7B257BEEA110} = {F4467DEE-C5FE-4928-BCA6-1FC584DBB179}
		{C5651DF9-1FDB-446E-86CB-ED58E16FD3C2} = {F4467DEE-C5FE-4928-BCA6-1FC584DBB179}
		{84CB4D00-9EC0-40CF-9231-E689433184DB} = {D2A9821B-BC3E-4361-898F-3F0EC3E4283F}
		{1AA367A7-C450-4DF9-B676-7CD9D120A233} = {F4467DEE-C5FE-4928-BCA6-1FC584DBB179}
	EndGlobalSection
	GlobalSection(ExtensibilityGlobals) = postSolution
		SolutionGuid = {9080661D-69DC-4062-B02C-A8F87F033A25}
	EndGlobalSection
EndGlobal
