
Microsoft Visual Studio Solution File, Format Version 12.00
# Visual Studio 15
VisualStudioVersion = 15.0.26730.8
MinimumVisualStudioVersion = 10.0.40219.1
Project("{FAE04EC0-301F-11D3-BF4B-00C04F79EFBC}") = "Missile.Client", "Missile.Client\Missile.Client.csproj", "{2F9F3C8E-97D5-43B7-AA6E-9E5A7CEEB624}"
EndProject
Project("{FAE04EC0-301F-11D3-BF4B-00C04F79EFBC}") = "Missile.Core", "Missile.Core\Missile.Core.csproj", "{D7B2884D-38DB-427F-804F-074BEA6E4C0F}"
EndProject
Project("{FAE04EC0-301F-11D3-BF4B-00C04F79EFBC}") = "Missile.TextLauncher", "Missile.TextLauncher\Missile.TextLauncher.csproj", "{CEFBCCB2-1B93-43BF-A2D5-9EE40CE01B9A}"
EndProject
Project("{FAE04EC0-301F-11D3-BF4B-00C04F79EFBC}") = "Missile.TextLauncher.Interpretation", "Missile.TextLauncher.Interpretation\Missile.TextLauncher.Interpretation.csproj", "{32712A15-8415-4901-ADB8-C90A8EF2591A}"
EndProject
Project("{FAE04EC0-301F-11D3-BF4B-00C04F79EFBC}") = "Missile.TextLauncher.Interpretation.Tests", "Missile.TextLauncher.Interpretation.Tests\Missile.TextLauncher.Interpretation.Tests.csproj", "{2E40E440-C07F-4F20-9D2F-D8108D38AE33}"
EndProject
Project("{FAE04EC0-301F-11D3-BF4B-00C04F79EFBC}") = "Missile.TextLauncher.Tests", "Missile.TextLauncher.Tests\Missile.TextLauncher.Tests.csproj", "{E197C025-A828-4B39-84D6-B91E5BE70C65}"
EndProject
Project("{2150E333-8FDC-42A3-9474-1A3956D46DE8}") = "Plugins", "Plugins", "{3909574C-D735-4462-BBC0-C7AF1435E8D6}"
EndProject
Project("{FAE04EC0-301F-11D3-BF4B-00C04F79EFBC}") = "Missile.TextLauncher.ApplicationPlugin", "Missile.TextLauncher.ApplicationPlugin\Missile.TextLauncher.ApplicationPlugin.csproj", "{B5F41297-4523-4609-978A-C86C3106286A}"
EndProject
Project("{FAE04EC0-301F-11D3-BF4B-00C04F79EFBC}") = "Missile.TextLauncher.GridPlugin", "Missile.TextLauncher.GridPlugin\Missile.TextLauncher.GridPlugin.csproj", "{0AD18064-197B-421C-B513-84C0040236B3}"
EndProject
Project("{FAE04EC0-301F-11D3-BF4B-00C04F79EFBC}") = "Missile.TextLauncher.ListPlugin", "Missile.TextLauncher.ListPlugin\Missile.TextLauncher.ListPlugin.csproj", "{05E3AA07-6776-41AF-9A64-1C9360A279B7}"
EndProject
Project("{FAE04EC0-301F-11D3-BF4B-00C04F79EFBC}") = "Missile.TextLauncher.IntegrationTests", "Missile.TextLauncher.IntegrationTests\Missile.TextLauncher.IntegrationTests.csproj", "{39693D15-5FD4-416C-B0F8-5D026C058D40}"
EndProject
Project("{2150E333-8FDC-42A3-9474-1A3956D46DE8}") = "Tests", "Tests", "{0F94327A-6D00-4418-8440-9E613C989E40}"
EndProject
Project("{FAE04EC0-301F-11D3-BF4B-00C04F79EFBC}") = "Missile.TextLauncher.EverythingPlugin", "Missile.TextLauncher.EverythingPlugin\Missile.TextLauncher.EverythingPlugin.csproj", "{0896A1ED-3131-4FA8-AE13-35174D5AC1F1}"
EndProject
Global
	GlobalSection(SolutionConfigurationPlatforms) = preSolution
		Debug|Any CPU = Debug|Any CPU
		Release|Any CPU = Release|Any CPU
	EndGlobalSection
	GlobalSection(ProjectConfigurationPlatforms) = postSolution
		{2F9F3C8E-97D5-43B7-AA6E-9E5A7CEEB624}.Debug|Any CPU.ActiveCfg = Debug|Any CPU
		{2F9F3C8E-97D5-43B7-AA6E-9E5A7CEEB624}.Debug|Any CPU.Build.0 = Debug|Any CPU
		{2F9F3C8E-97D5-43B7-AA6E-9E5A7CEEB624}.Release|Any CPU.ActiveCfg = Release|Any CPU
		{2F9F3C8E-97D5-43B7-AA6E-9E5A7CEEB624}.Release|Any CPU.Build.0 = Release|Any CPU
		{D7B2884D-38DB-427F-804F-074BEA6E4C0F}.Debug|Any CPU.ActiveCfg = Debug|Any CPU
		{D7B2884D-38DB-427F-804F-074BEA6E4C0F}.Debug|Any CPU.Build.0 = Debug|Any CPU
		{D7B2884D-38DB-427F-804F-074BEA6E4C0F}.Release|Any CPU.ActiveCfg = Release|Any CPU
		{D7B2884D-38DB-427F-804F-074BEA6E4C0F}.Release|Any CPU.Build.0 = Release|Any CPU
		{CEFBCCB2-1B93-43BF-A2D5-9EE40CE01B9A}.Debug|Any CPU.ActiveCfg = Debug|Any CPU
		{CEFBCCB2-1B93-43BF-A2D5-9EE40CE01B9A}.Debug|Any CPU.Build.0 = Debug|Any CPU
		{CEFBCCB2-1B93-43BF-A2D5-9EE40CE01B9A}.Release|Any CPU.ActiveCfg = Release|Any CPU
		{CEFBCCB2-1B93-43BF-A2D5-9EE40CE01B9A}.Release|Any CPU.Build.0 = Release|Any CPU
		{32712A15-8415-4901-ADB8-C90A8EF2591A}.Debug|Any CPU.ActiveCfg = Debug|Any CPU
		{32712A15-8415-4901-ADB8-C90A8EF2591A}.Debug|Any CPU.Build.0 = Debug|Any CPU
		{32712A15-8415-4901-ADB8-C90A8EF2591A}.Release|Any CPU.ActiveCfg = Release|Any CPU
		{32712A15-8415-4901-ADB8-C90A8EF2591A}.Release|Any CPU.Build.0 = Release|Any CPU
		{2E40E440-C07F-4F20-9D2F-D8108D38AE33}.Debug|Any CPU.ActiveCfg = Debug|Any CPU
		{2E40E440-C07F-4F20-9D2F-D8108D38AE33}.Debug|Any CPU.Build.0 = Debug|Any CPU
		{2E40E440-C07F-4F20-9D2F-D8108D38AE33}.Release|Any CPU.ActiveCfg = Release|Any CPU
		{2E40E440-C07F-4F20-9D2F-D8108D38AE33}.Release|Any CPU.Build.0 = Release|Any CPU
		{E197C025-A828-4B39-84D6-B91E5BE70C65}.Debug|Any CPU.ActiveCfg = Debug|Any CPU
		{E197C025-A828-4B39-84D6-B91E5BE70C65}.Debug|Any CPU.Build.0 = Debug|Any CPU
		{E197C025-A828-4B39-84D6-B91E5BE70C65}.Release|Any CPU.ActiveCfg = Release|Any CPU
		{E197C025-A828-4B39-84D6-B91E5BE70C65}.Release|Any CPU.Build.0 = Release|Any CPU
		{B5F41297-4523-4609-978A-C86C3106286A}.Debug|Any CPU.ActiveCfg = Debug|Any CPU
		{B5F41297-4523-4609-978A-C86C3106286A}.Debug|Any CPU.Build.0 = Debug|Any CPU
		{B5F41297-4523-4609-978A-C86C3106286A}.Release|Any CPU.ActiveCfg = Release|Any CPU
		{B5F41297-4523-4609-978A-C86C3106286A}.Release|Any CPU.Build.0 = Release|Any CPU
		{0AD18064-197B-421C-B513-84C0040236B3}.Debug|Any CPU.ActiveCfg = Debug|Any CPU
		{0AD18064-197B-421C-B513-84C0040236B3}.Debug|Any CPU.Build.0 = Debug|Any CPU
		{0AD18064-197B-421C-B513-84C0040236B3}.Release|Any CPU.ActiveCfg = Release|Any CPU
		{0AD18064-197B-421C-B513-84C0040236B3}.Release|Any CPU.Build.0 = Release|Any CPU
		{05E3AA07-6776-41AF-9A64-1C9360A279B7}.Debug|Any CPU.ActiveCfg = Debug|Any CPU
		{05E3AA07-6776-41AF-9A64-1C9360A279B7}.Debug|Any CPU.Build.0 = Debug|Any CPU
		{05E3AA07-6776-41AF-9A64-1C9360A279B7}.Release|Any CPU.ActiveCfg = Release|Any CPU
		{05E3AA07-6776-41AF-9A64-1C9360A279B7}.Release|Any CPU.Build.0 = Release|Any CPU
		{39693D15-5FD4-416C-B0F8-5D026C058D40}.Debug|Any CPU.ActiveCfg = Debug|Any CPU
		{39693D15-5FD4-416C-B0F8-5D026C058D40}.Debug|Any CPU.Build.0 = Debug|Any CPU
		{39693D15-5FD4-416C-B0F8-5D026C058D40}.Release|Any CPU.ActiveCfg = Release|Any CPU
		{39693D15-5FD4-416C-B0F8-5D026C058D40}.Release|Any CPU.Build.0 = Release|Any CPU
		{0896A1ED-3131-4FA8-AE13-35174D5AC1F1}.Debug|Any CPU.ActiveCfg = Debug|Any CPU
		{0896A1ED-3131-4FA8-AE13-35174D5AC1F1}.Debug|Any CPU.Build.0 = Debug|Any CPU
		{0896A1ED-3131-4FA8-AE13-35174D5AC1F1}.Release|Any CPU.ActiveCfg = Release|Any CPU
		{0896A1ED-3131-4FA8-AE13-35174D5AC1F1}.Release|Any CPU.Build.0 = Release|Any CPU
	EndGlobalSection
	GlobalSection(SolutionProperties) = preSolution
		HideSolutionNode = FALSE
	EndGlobalSection
	GlobalSection(NestedProjects) = preSolution
		{CEFBCCB2-1B93-43BF-A2D5-9EE40CE01B9A} = {3909574C-D735-4462-BBC0-C7AF1435E8D6}
		{32712A15-8415-4901-ADB8-C90A8EF2591A} = {3909574C-D735-4462-BBC0-C7AF1435E8D6}
		{2E40E440-C07F-4F20-9D2F-D8108D38AE33} = {0F94327A-6D00-4418-8440-9E613C989E40}
		{E197C025-A828-4B39-84D6-B91E5BE70C65} = {0F94327A-6D00-4418-8440-9E613C989E40}
		{B5F41297-4523-4609-978A-C86C3106286A} = {3909574C-D735-4462-BBC0-C7AF1435E8D6}
		{0AD18064-197B-421C-B513-84C0040236B3} = {3909574C-D735-4462-BBC0-C7AF1435E8D6}
		{05E3AA07-6776-41AF-9A64-1C9360A279B7} = {3909574C-D735-4462-BBC0-C7AF1435E8D6}
		{39693D15-5FD4-416C-B0F8-5D026C058D40} = {0F94327A-6D00-4418-8440-9E613C989E40}
		{0F94327A-6D00-4418-8440-9E613C989E40} = {3909574C-D735-4462-BBC0-C7AF1435E8D6}
		{0896A1ED-3131-4FA8-AE13-35174D5AC1F1} = {3909574C-D735-4462-BBC0-C7AF1435E8D6}
	EndGlobalSection
	GlobalSection(ExtensibilityGlobals) = postSolution
		SolutionGuid = {D6A42155-8E97-4FDA-8392-2C83AE872521}
	EndGlobalSection
EndGlobal
